// !$*UTF8*$!
{
	archiveVersion = 1;
	classes = {
	};
	objectVersion = 50;
	objects = {

/* Begin PBXBuildFile section */
		8A535FCF20FF5F130078F887 /* AppDelegate.swift in Sources */ = {isa = PBXBuildFile; fileRef = 8A535FCE20FF5F130078F887 /* AppDelegate.swift */; };
		8A535FD120FF5F130078F887 /* ViewController.swift in Sources */ = {isa = PBXBuildFile; fileRef = 8A535FD020FF5F130078F887 /* ViewController.swift */; };
		8A535FD420FF5F130078F887 /* Main.storyboard in Resources */ = {isa = PBXBuildFile; fileRef = 8A535FD220FF5F130078F887 /* Main.storyboard */; };
		8A535FD720FF5F130078F887 /* ChainAnimations.xcdatamodeld in Sources */ = {isa = PBXBuildFile; fileRef = 8A535FD520FF5F130078F887 /* ChainAnimations.xcdatamodeld */; };
		8A535FD920FF5F1D0078F887 /* Assets.xcassets in Resources */ = {isa = PBXBuildFile; fileRef = 8A535FD820FF5F1D0078F887 /* Assets.xcassets */; };
		8A535FDC20FF5F1D0078F887 /* LaunchScreen.storyboard in Resources */ = {isa = PBXBuildFile; fileRef = 8A535FDA20FF5F1D0078F887 /* LaunchScreen.storyboard */; };
/* End PBXBuildFile section */

/* Begin PBXFileReference section */
		8A535FCB20FF5F130078F887 /* ChainAnimations.app */ = {isa = PBXFileReference; explicitFileType = wrapper.application; includeInIndex = 0; path = ChainAnimations.app; sourceTree = BUILT_PRODUCTS_DIR; };
		8A535FCE20FF5F130078F887 /* AppDelegate.swift */ = {isa = PBXFileReference; lastKnownFileType = sourcecode.swift; path = AppDelegate.swift; sourceTree = "<group>"; };
		8A535FD020FF5F130078F887 /* ViewController.swift */ = {isa = PBXFileReference; lastKnownFileType = sourcecode.swift; path = ViewController.swift; sourceTree = "<group>"; };
		8A535FD320FF5F130078F887 /* Base */ = {isa = PBXFileReference; lastKnownFileType = file.storyboard; name = Base; path = Base.lproj/Main.storyboard; sourceTree = "<group>"; };
		8A535FD620FF5F130078F887 /* ChainAnimations.xcdatamodel */ = {isa = PBXFileReference; lastKnownFileType = wrapper.xcdatamodel; path = ChainAnimations.xcdatamodel; sourceTree = "<group>"; };
		8A535FD820FF5F1D0078F887 /* Assets.xcassets */ = {isa = PBXFileReference; lastKnownFileType = folder.assetcatalog; path = Assets.xcassets; sourceTree = "<group>"; };
		8A535FDB20FF5F1D0078F887 /* Base */ = {isa = PBXFileReference; lastKnownFileType = file.storyboard; name = Base; path = Base.lproj/LaunchScreen.storyboard; sourceTree = "<group>"; };
		8A535FDD20FF5F1D0078F887 /* Info.plist */ = {isa = PBXFileReference; lastKnownFileType = text.plist.xml; path = Info.plist; sourceTree = "<group>"; };
/* End PBXFileReference section */

/* Begin PBXFrameworksBuildPhase section */
		8A535FC820FF5F130078F887 /* Frameworks */ = {
			isa = PBXFrameworksBuildPhase;
			buildActionMask = 2147483647;
			files = (
			);
			runOnlyForDeploymentPostprocessing = 0;
		};
/* End PBXFrameworksBuildPhase section */

/* Begin PBXGroup section */
		8A535FC220FF5F130078F887 = {
			isa = PBXGroup;
			children = (
				8A535FCD20FF5F130078F887 /* ChainAnimations */,
				8A535FCC20FF5F130078F887 /* Products */,
			);
			sourceTree = "<group>";
		};
		8A535FCC20FF5F130078F887 /* Products */ = {
			isa = PBXGroup;
			children = (
				8A535FCB20FF5F130078F887 /* ChainAnimations.app */,
			);
			name = Products;
			sourceTree = "<group>";
		};
		8A535FCD20FF5F130078F887 /* ChainAnimations */ = {
			isa = PBXGroup;
			children = (
				8A535FCE20FF5F130078F887 /* AppDelegate.swift */,
				8A535FD020FF5F130078F887 /* ViewController.swift */,
				8A535FD220FF5F130078F887 /* Main.storyboard */,
				8A535FD820FF5F1D0078F887 /* Assets.xcassets */,
				8A535FDA20FF5F1D0078F887 /* LaunchScreen.storyboard */,
				8A535FDD20FF5F1D0078F887 /* Info.plist */,
				8A535FD520FF5F130078F887 /* ChainAnimations.xcdatamodeld */,
			);
			path = ChainAnimations;
			sourceTree = "<group>";
		};
/* End PBXGroup section */

/* Begin PBXNativeTarget section */
		8A535FCA20FF5F130078F887 /* ChainAnimations */ = {
			isa = PBXNativeTarget;
			buildConfigurationList = 8A535FE020FF5F1D0078F887 /* Build configuration list for PBXNativeTarget "ChainAnimations" */;
			buildPhases = (
				8A535FC720FF5F130078F887 /* Sources */,
				8A535FC820FF5F130078F887 /* Frameworks */,
				8A535FC920FF5F130078F887 /* Resources */,
			);
			buildRules = (
			);
			dependencies = (
			);
			name = ChainAnimations;
			productName = ChainAnimations;
			productReference = 8A535FCB20FF5F130078F887 /* ChainAnimations.app */;
			productType = "com.apple.product-type.application";
		};
/* End PBXNativeTarget section */

/* Begin PBXProject section */
		8A535FC320FF5F130078F887 /* Project object */ = {
			isa = PBXProject;
			attributes = {
				LastSwiftUpdateCheck = 0940;
				LastUpgradeCheck = 0940;
				ORGANIZATIONNAME = Kayosys;
				TargetAttributes = {
					8A535FCA20FF5F130078F887 = {
						CreatedOnToolsVersion = 9.4;
					};
				};
			};
			buildConfigurationList = 8A535FC620FF5F130078F887 /* Build configuration list for PBXProject "ChainAnimations" */;
			compatibilityVersion = "Xcode 9.3";
			developmentRegion = en;
			hasScannedForEncodings = 0;
			knownRegions = (
				en,
				Base,
			);
			mainGroup = 8A535FC220FF5F130078F887;
			productRefGroup = 8A535FCC20FF5F130078F887 /* Products */;
			projectDirPath = "";
			projectRoot = "";
			targets = (
				8A535FCA20FF5F130078F887 /* ChainAnimations */,
			);
		};
/* End PBXProject section */

/* Begin PBXResourcesBuildPhase section */
		8A535FC920FF5F130078F887 /* Resources */ = {
			isa = PBXResourcesBuildPhase;
			buildActionMask = 2147483647;
			files = (
				8A535FDC20FF5F1D0078F887 /* LaunchScreen.storyboard in Resources */,
				8A535FD920FF5F1D0078F887 /* Assets.xcassets in Resources */,
				8A535FD420FF5F130078F887 /* Main.storyboard in Resources */,
			);
			runOnlyForDeploymentPostprocessing = 0;
		};
/* End PBXResourcesBuildPhase section */

/* Begin PBXSourcesBuildPhase section */
		8A535FC720FF5F130078F887 /* Sources */ = {
			isa = PBXSourcesBuildPhase;
			buildActionMask = 2147483647;
			files = (
				8A535FD120FF5F130078F887 /* ViewController.swift in Sources */,
				8A535FCF20FF5F130078F887 /* AppDelegate.swift in Sources */,
				8A535FD720FF5F130078F887 /* ChainAnimations.xcdatamodeld in Sources */,
			);
			runOnlyForDeploymentPostprocessing = 0;
		};
/* End PBXSourcesBuildPhase section */

/* Begin PBXVariantGroup section */
		8A535FD220FF5F130078F887 /* Main.storyboard */ = {
			isa = PBXVariantGroup;
			children = (
				8A535FD320FF5F130078F887 /* Base */,
			);
			name = Main.storyboard;
			sourceTree = "<group>";
		};
		8A535FDA20FF5F1D0078F887 /* LaunchScreen.storyboard */ = {
			isa = PBXVariantGroup;
			children = (
				8A535FDB20FF5F1D0078F887 /* Base */,
			);
			name = LaunchScreen.storyboard;
			sourceTree = "<group>";
		};
/* End PBXVariantGroup section */

/* Begin XCBuildConfiguration section */
		8A535FDE20FF5F1D0078F887 /* Debug */ = {
			isa = XCBuildConfiguration;
			buildSettings = {
				ALWAYS_SEARCH_USER_PATHS = NO;
				CLANG_ANALYZER_NONNULL = YES;
				CLANG_ANALYZER_NUMBER_OBJECT_CONVERSION = YES_AGGRESSIVE;
				CLANG_CXX_LANGUAGE_STANDARD = "gnu++14";
				CLANG_CXX_LIBRARY = "libc++";
				CLANG_ENABLE_MODULES = YES;
				CLANG_ENABLE_OBJC_ARC = YES;
				CLANG_ENABLE_OBJC_WEAK = YES;
				CLANG_WARN_BLOCK_CAPTURE_AUTORELEASING = YES;
				CLANG_WARN_BOOL_CONVERSION = YES;
				CLANG_WARN_COMMA = YES;
				CLANG_WARN_CONSTANT_CONVERSION = YES;
				CLANG_WARN_DEPRECATED_OBJC_IMPLEMENTATIONS = YES;
				CLANG_WARN_DIRECT_OBJC_ISA_USAGE = YES_ERROR;
				CLANG_WARN_DOCUMENTATION_COMMENTS = YES;
				CLANG_WARN_EMPTY_BODY = YES;
				CLANG_WARN_ENUM_CONVERSION = YES;
				CLANG_WARN_INFINITE_RECURSION = YES;
				CLANG_WARN_INT_CONVERSION = YES;
				CLANG_WARN_NON_LITERAL_NULL_CONVERSION = YES;
				CLANG_WARN_OBJC_IMPLICIT_RETAIN_SELF = YES;
				CLANG_WARN_OBJC_LITERAL_CONVERSION = YES;
				CLANG_WARN_OBJC_ROOT_CLASS = YES_ERROR;
				CLANG_WARN_RANGE_LOOP_ANALYSIS = YES;
				CLANG_WARN_STRICT_PROTOTYPES = YES;
				CLANG_WARN_SUSPICIOUS_MOVE = YES;
				CLANG_WARN_UNGUARDED_AVAILABILITY = YES_AGGRESSIVE;
				CLANG_WARN_UNREACHABLE_CODE = YES;
				CLANG_WARN__DUPLICATE_METHOD_MATCH = YES;
				CODE_SIGN_IDENTITY = "iPhone Developer";
				COPY_PHASE_STRIP = NO;
				DEBUG_INFORMATION_FORMAT = dwarf;
				ENABLE_STRICT_OBJC_MSGSEND = YES;
				ENABLE_TESTABILITY = YES;
				GCC_C_LANGUAGE_STANDARD = gnu11;
				GCC_DYNAMIC_NO_PIC = NO;
				GCC_NO_COMMON_BLOCKS = YES;
				GCC_OPTIMIZATION_LEVEL = 0;
				GCC_PREPROCESSOR_DEFINITIONS = (
					"DEBUG=1",
					"$(inherited)",
				);
				GCC_WARN_64_TO_32_BIT_CONVERSION = YES;
				GCC_WARN_ABOUT_RETURN_TYPE = YES_ERROR;
				GCC_WARN_UNDECLARED_SELECTOR = YES;
				GCC_WARN_UNINITIALIZED_AUTOS = YES_AGGRESSIVE;
				GCC_WARN_UNUSED_FUNCTION = YES;
				GCC_WARN_UNUSED_VARIABLE = YES;
				IPHONEOS_DEPLOYMENT_TARGET = 11.4;
				MTL_ENABLE_DEBUG_INFO = YES;
				ONLY_ACTIVE_ARCH = YES;
				SDKROOT = iphoneos;
				SWIFT_ACTIVE_COMPILATION_CONDITIONS = DEBUG;
				SWIFT_OPTIMIZATION_LEVEL = "-Onone";
			};
			name = Debug;
		};
		8A535FDF20FF5F1D0078F887 /* Release */ = {
			isa = XCBuildConfiguration;
			buildSettings = {
				ALWAYS_SEARCH_USER_PATHS = NO;
				CLANG_ANALYZER_NONNULL = YES;
				CLANG_ANALYZER_NUMBER_OBJECT_CONVERSION = YES_AGGRESSIVE;
				CLANG_CXX_LANGUAGE_STANDARD = "gnu++14";
				CLANG_CXX_LIBRARY = "libc++";
				CLANG_ENABLE_MODULES = YES;
				CLANG_ENABLE_OBJC_ARC = YES;
				CLANG_ENABLE_OBJC_WEAK = YES;
				CLANG_WARN_BLOCK_CAPTURE_AUTORELEASING = YES;
				CLANG_WARN_BOOL_CONVERSION = YES;
				CLANG_WARN_COMMA = YES;
				CLANG_WARN_CONSTANT_CONVERSION = YES;
				CLANG_WARN_DEPRECATED_OBJC_IMPLEMENTATIONS = YES;
				CLANG_WARN_DIRECT_OBJC_ISA_USAGE = YES_ERROR;
				CLANG_WARN_DOCUMENTATION_COMMENTS = YES;
				CLANG_WARN_EMPTY_BODY = YES;
				CLANG_WARN_ENUM_CONVERSION = YES;
				CLANG_WARN_INFINITE_RECURSION = YES;
				CLANG_WARN_INT_CONVERSION = YES;
				CLANG_WARN_NON_LITERAL_NULL_CONVERSION = YES;
				CLANG_WARN_OBJC_IMPLICIT_RETAIN_SELF = YES;
				CLANG_WARN_OBJC_LITERAL_CONVERSION = YES;
				CLANG_WARN_OBJC_ROOT_CLASS = YES_ERROR;
				CLANG_WARN_RANGE_LOOP_ANALYSIS = YES;
				CLANG_WARN_STRICT_PROTOTYPES = YES;
				CLANG_WARN_SUSPICIOUS_MOVE = YES;
				CLANG_WARN_UNGUARDED_AVAILABILITY = YES_AGGRESSIVE;
				CLANG_WARN_UNREACHABLE_CODE = YES;
				CLANG_WARN__DUPLICATE_METHOD_MATCH = YES;
				CODE_SIGN_IDENTITY = "iPhone Developer";
				COPY_PHASE_STRIP = NO;
				DEBUG_INFORMATION_FORMAT = "dwarf-with-dsym";
				ENABLE_NS_ASSERTIONS = NO;
				ENABLE_STRICT_OBJC_MSGSEND = YES;
				GCC_C_LANGUAGE_STANDARD = gnu11;
				GCC_NO_COMMON_BLOCKS = YES;
				GCC_WARN_64_TO_32_BIT_CONVERSION = YES;
				GCC_WARN_ABOUT_RETURN_TYPE = YES_ERROR;
				GCC_WARN_UNDECLARED_SELECTOR = YES;
				GCC_WARN_UNINITIALIZED_AUTOS = YES_AGGRESSIVE;
				GCC_WARN_UNUSED_FUNCTION = YES;
				GCC_WARN_UNUSED_VARIABLE = YES;
				IPHONEOS_DEPLOYMENT_TARGET = 11.4;
				MTL_ENABLE_DEBUG_INFO = NO;
				SDKROOT = iphoneos;
				SWIFT_COMPILATION_MODE = wholemodule;
				SWIFT_OPTIMIZATION_LEVEL = "-O";
				VALIDATE_PRODUCT = YES;
			};
			name = Release;
		};
		8A535FE120FF5F1D0078F887 /* Debug */ = {
			isa = XCBuildConfiguration;
			buildSettings = {
				ASSETCATALOG_COMPILER_APPICON_NAME = AppIcon;
				CODE_SIGN_STYLE = Automatic;
				INFOPLIST_FILE = ChainAnimations/Info.plist;
				LD_RUNPATH_SEARCH_PATHS = (
					"$(inherited)",
					"@executable_path/Frameworks",
				);
				PRODUCT_BUNDLE_IDENTIFIER = com.kayosys.ChainAnimations;
				PRODUCT_NAME = "$(TARGET_NAME)";
				SWIFT_VERSION = 4.0;
				TARGETED_DEVICE_FAMILY = "1,2";
			};
			name = Debug;
		};
		8A535FE220FF5F1D0078F887 /* Release */ = {
			isa = XCBuildConfiguration;
			buildSettings = {
				ASSETCATALOG_COMPILER_APPICON_NAME = AppIcon;
				CODE_SIGN_STYLE = Automatic;
				INFOPLIST_FILE = ChainAnimations/Info.plist;
				LD_RUNPATH_SEARCH_PATHS = (
					"$(inherited)",
					"@executable_path/Frameworks",
				);
				PRODUCT_BUNDLE_IDENTIFIER = com.kayosys.ChainAnimations;
				PRODUCT_NAME = "$(TARGET_NAME)";
				SWIFT_VERSION = 4.0;
				TARGETED_DEVICE_FAMILY = "1,2";
			};
			name = Release;
		};
/* End XCBuildConfiguration section */

/* Begin XCConfigurationList section */
		8A535FC620FF5F130078F887 /* Build configuration list for PBXProject "ChainAnimations" */ = {
			isa = XCConfigurationList;
			buildConfigurations = (
				8A535FDE20FF5F1D0078F887 /* Debug */,
				8A535FDF20FF5F1D0078F887 /* Release */,
			);
			defaultConfigurationIsVisible = 0;
			defaultConfigurationName = Release;
		};
		8A535FE020FF5F1D0078F887 /* Build configuration list for PBXNativeTarget "ChainAnimations" */ = {
			isa = XCConfigurationList;
			buildConfigurations = (
				8A535FE120FF5F1D0078F887 /* Debug */,
				8A535FE220FF5F1D0078F887 /* Release */,
			);
			defaultConfigurationIsVisible = 0;
			defaultConfigurationName = Release;
		};
/* End XCConfigurationList section */

/* Begin XCVersionGroup section */
		8A535FD520FF5F130078F887 /* ChainAnimations.xcdatamodeld */ = {
			isa = XCVersionGroup;
			children = (
				8A535FD620FF5F130078F887 /* ChainAnimations.xcdatamodel */,
			);
			currentVersion = 8A535FD620FF5F130078F887 /* ChainAnimations.xcdatamodel */;
			path = ChainAnimations.xcdatamodeld;
			sourceTree = "<group>";
			versionGroupType = wrapper.xcdatamodel;
		};
/* End XCVersionGroup section */
	};
	rootObject = 8A535FC320FF5F130078F887 /* Project object */;
}
